SPDX-License-Identifier: CC-BY-SA-4.0 OR BSD-2-Clause
brief: |
  Get the processor time used by the program.
copyrights:
- Copyright (C) 2026 embedded brains GmbH & Co. KG
definition:
  default:
    attributes: null
    body: null
    params: []
    return: int
  variants: []
description: null
enabled-by: true
index-entries: []
interface-type: function
links:
- role: interface-placement
  uid: header
- role: interface-ingroup
  uid: group
- role: constraint
  uid: /constraint/directive-not-pre-qualified
name: clock
notes: |
  See [POSIX.1-2024, System Interfaces, clock()](https://pubs.opengroup.org/onlinepubs/9799919799/functions/clock.html).
params: []
return:
  return: null
  return-values: []
type: interface
