SPDX-License-Identifier: CC-BY-SA-4.0 OR BSD-2-Clause
brief: |
  Unlock the ${../glossary/read-write-lock:/term} object referenced by
  ${.:/params[0]/name}.
copyrights:
- Copyright (C) 2026 embedded brains GmbH & Co. KG
definition:
  default:
    attributes: null
    body: null
    params:
    - ${/c/if/pthread_rwlock_t:/name} *${.:/params[0]/name}
    return: int
  variants: []
description: null
enabled-by: true
index-entries: []
interface-type: function
links:
- role: interface-placement
  uid: header
- role: interface-ingroup
  uid: group
name: pthread_rwlock_unlock
notes: |
  See [POSIX.1-2024, System Interfaces, pthread_rwlock_unlock()](https://pubs.opengroup.org/onlinepubs/9799919799/functions/pthread_rwlock_unlock.html).
params:
- description: |
    is the read-write lock
  dir: inout
  name: rwlock
return:
  return: null
  return-values:
  - description: |
      The requested operation was successful.
    value: 0
  - description: |
      The value specified by ${.:/params[0]/name} is invalid.
    value: ${/c/errno/if/einval:/name}
  - description: |
      The current thread does not hold a lock on the rwlock.
    value: ${/c/errno/if/eperm:/name}
type: interface
